
Microsoft Visual Studio Solution File, Format Version 12.00
# Visual Studio Version 16
VisualStudioVersion = 16.0.31727.386
MinimumVisualStudioVersion = 10.0.40219.1
Project("{FAE04EC0-301F-11D3-BF4B-00C04F79EFBC}") = "Primera_Interfaz", "Primera_Interfaz\Primera_Interfaz.csproj", "{28CF61C7-50F3-41E0-9684-675833F141C5}"
EndProject
Global
	GlobalSection(SolutionConfigurationPlatforms) = preSolution
		Debug|Any CPU = Debug|Any CPU
		Release|Any CPU = Release|Any CPU
	EndGlobalSection
	GlobalSection(ProjectConfigurationPlatforms) = postSolution
		{28CF61C7-50F3-41E0-9684-675833F141C5}.Debug|Any CPU.ActiveCfg = Debug|Any CPU
		{28CF61C7-50F3-41E0-9684-675833F141C5}.Debug|Any CPU.Build.0 = Debug|Any CPU
		{28CF61C7-50F3-41E0-9684-675833F141C5}.Release|Any CPU.ActiveCfg = Release|Any CPU
		{28CF61C7-50F3-41E0-9684-675833F141C5}.Release|Any CPU.Build.0 = Release|Any CPU
	EndGlobalSection
	GlobalSection(SolutionProperties) = preSolution
		HideSolutionNode = FALSE
	EndGlobalSection
	GlobalSection(ExtensibilityGlobals) = postSolution
		SolutionGuid = {FA6916EF-4CDD-453F-A3C0-402C5003B2F4}
	EndGlobalSection
EndGlobal
